// !$*UTF8*$!
{
	archiveVersion = 1;
	classes = {
	};
	objectVersion = 46;
	objects = {

/* Begin PBXBuildFile section */
		352790FE07EE507C00201C3A /* terminal in Resources */ = {isa = PBXBuildFile; fileRef = 352790FD07EE507C00201C3A /* terminal */; };
		35E533630645C9E4001AFFF1 /* Credits.rtf in Resources */ = {isa = PBXBuildFile; fileRef = 35E533610645C9E4001AFFF1 /* Credits.rtf */; };
		35E533640645C9E4001AFFF1 /* DropScript.icns in Resources */ = {isa = PBXBuildFile; fileRef = 35E533620645C9E4001AFFF1 /* DropScript.icns */; };
		35E5339C0645CC88001AFFF1 /* ApplicationController.h in Headers */ = {isa = PBXBuildFile; fileRef = 35E5339A0645CC88001AFFF1 /* ApplicationController.h */; };
		35E5339D0645CC88001AFFF1 /* ApplicationController.m in Sources */ = {isa = PBXBuildFile; fileRef = 35E5339B0645CC88001AFFF1 /* ApplicationController.m */; };
		35E5377D0646187D001AFFF1 /* drop_script.py in Resources */ = {isa = PBXBuildFile; fileRef = 35E5377C0646187D001AFFF1 /* drop_script.py */; };
		8D11072A0486CEB800E47090 /* MainMenu.nib in Resources */ = {isa = PBXBuildFile; fileRef = 29B97318FDCFA39411CA2CEA /* MainMenu.nib */; };
		8D11072B0486CEB800E47090 /* InfoPlist.strings in Resources */ = {isa = PBXBuildFile; fileRef = 089C165CFE840E0CC02AAC07 /* InfoPlist.strings */; };
		8D11072D0486CEB800E47090 /* main.m in Sources */ = {isa = PBXBuildFile; fileRef = 29B97316FDCFA39411CA2CEA /* main.m */; settings = {ATTRIBUTES = (); }; };
		8D11072F0486CEB800E47090 /* Cocoa.framework in Frameworks */ = {isa = PBXBuildFile; fileRef = 1058C7A1FEA54F0111CA2CBB /* Cocoa.framework */; };
/* End PBXBuildFile section */

/* Begin PBXContainerItemProxy section */
		D64D3F0B192BC7BC002AB1F4 /* PBXContainerItemProxy */ = {
			isa = PBXContainerItemProxy;
			containerPortal = 29B97313FDCFA39411CA2CEA /* Project object */;
			proxyType = 1;
			remoteGlobalIDString = 8D1107260486CEB800E47090;
			remoteInfo = DropScript;
		};
/* End PBXContainerItemProxy section */

/* Begin PBXFileReference section */
		089C165DFE840E0CC02AAC07 /* English */ = {isa = PBXFileReference; fileEncoding = 10; lastKnownFileType = text.plist.strings; name = English; path = English.lproj/InfoPlist.strings; sourceTree = "<group>"; };
		1058C7A1FEA54F0111CA2CBB /* Cocoa.framework */ = {isa = PBXFileReference; lastKnownFileType = wrapper.framework; name = Cocoa.framework; path = /System/Library/Frameworks/Cocoa.framework; sourceTree = "<absolute>"; };
		29B97316FDCFA39411CA2CEA /* main.m */ = {isa = PBXFileReference; fileEncoding = 30; lastKnownFileType = sourcecode.c.objc; path = main.m; sourceTree = "<group>"; };
		29B97319FDCFA39411CA2CEA /* English */ = {isa = PBXFileReference; lastKnownFileType = wrapper.nib; name = English; path = English.lproj/MainMenu.nib; sourceTree = "<group>"; };
		29B97324FDCFA39411CA2CEA /* AppKit.framework */ = {isa = PBXFileReference; lastKnownFileType = wrapper.framework; name = AppKit.framework; path = /System/Library/Frameworks/AppKit.framework; sourceTree = "<absolute>"; };
		29B97325FDCFA39411CA2CEA /* Foundation.framework */ = {isa = PBXFileReference; lastKnownFileType = wrapper.framework; name = Foundation.framework; path = /System/Library/Frameworks/Foundation.framework; sourceTree = "<absolute>"; };
		350CB6ED07EEC1670009953A /* Drop Applications */ = {isa = PBXFileReference; lastKnownFileType = folder; name = "Drop Applications"; path = "build/Drop Applications"; sourceTree = "<group>"; };
		350CB71207EEC1670009953A /* Example Scripts */ = {isa = PBXFileReference; lastKnownFileType = folder; name = "Example Scripts"; path = "build/Example Scripts"; sourceTree = "<group>"; };
		352790FD07EE507C00201C3A /* terminal */ = {isa = PBXFileReference; fileEncoding = 30; lastKnownFileType = text.script.sh; name = terminal; path = tools/terminal; sourceTree = "<group>"; };
		3527910907EE520800201C3A /* Archive and Compress */ = {isa = PBXFileReference; lastKnownFileType = folder; path = "Archive and Compress"; sourceTree = "<group>"; };
		3527913807EE520800201C3A /* CVS Support */ = {isa = PBXFileReference; lastKnownFileType = folder; path = "CVS Support"; sourceTree = "<group>"; };
		3527917107EE520900201C3A /* Makefile */ = {isa = PBXFileReference; fileEncoding = 30; lastKnownFileType = sourcecode.make; path = Makefile; sourceTree = "<group>"; };
		3527917207EE520900201C3A /* README */ = {isa = PBXFileReference; fileEncoding = 30; lastKnownFileType = text; path = README; sourceTree = "<group>"; };
		3527917307EE520900201C3A /* Subversion */ = {isa = PBXFileReference; lastKnownFileType = folder; path = Subversion; sourceTree = "<group>"; };
		352791E807EE520900201C3A /* Terminal */ = {isa = PBXFileReference; lastKnownFileType = folder; path = Terminal; sourceTree = "<group>"; };
		35E533610645C9E4001AFFF1 /* Credits.rtf */ = {isa = PBXFileReference; lastKnownFileType = text.rtf; path = Credits.rtf; sourceTree = "<group>"; };
		35E533620645C9E4001AFFF1 /* DropScript.icns */ = {isa = PBXFileReference; lastKnownFileType = image.icns; path = DropScript.icns; sourceTree = "<group>"; };
		35E5339A0645CC88001AFFF1 /* ApplicationController.h */ = {isa = PBXFileReference; fileEncoding = 4; lastKnownFileType = sourcecode.c.h; path = ApplicationController.h; sourceTree = "<group>"; };
		35E5339B0645CC88001AFFF1 /* ApplicationController.m */ = {isa = PBXFileReference; fileEncoding = 4; indentWidth = 4; lastKnownFileType = sourcecode.c.objc; path = ApplicationController.m; sourceTree = "<group>"; tabWidth = 4; usesTabs = 0; };
		35E5377C0646187D001AFFF1 /* drop_script.py */ = {isa = PBXFileReference; fileEncoding = 4; indentWidth = 4; lastKnownFileType = text.script.python; path = drop_script.py; sourceTree = "<group>"; tabWidth = 4; usesTabs = 0; };
		8D1107310486CEB800E47090 /* Info.plist */ = {isa = PBXFileReference; fileEncoding = 4; lastKnownFileType = text.plist; path = Info.plist; sourceTree = "<group>"; };
		8D1107320486CEB800E47090 /* DropScript.app */ = {isa = PBXFileReference; explicitFileType = wrapper.application; includeInIndex = 0; path = DropScript.app; sourceTree = BUILT_PRODUCTS_DIR; };
		D64D3F08192BC770002AB1F4 /* DropScript.app */ = {isa = PBXFileReference; explicitFileType = wrapper.application; includeInIndex = 0; path = DropScript.app; sourceTree = BUILT_PRODUCTS_DIR; };
		D64D3F0A192BC770002AB1F4 /* Info copy.plist */ = {isa = PBXFileReference; lastKnownFileType = text.plist.xml; path = "Info copy.plist"; sourceTree = "<group>"; };
		D692E07119324FA7002AB1F4 /* README */ = {isa = PBXFileReference; fileEncoding = 4; lastKnownFileType = text; name = README; path = ../README; sourceTree = SOURCE_ROOT; };
/* End PBXFileReference section */

/* Begin PBXFrameworksBuildPhase section */
		8D11072E0486CEB800E47090 /* Frameworks */ = {
			isa = PBXFrameworksBuildPhase;
			buildActionMask = 2147483647;
			files = (
				8D11072F0486CEB800E47090 /* Cocoa.framework in Frameworks */,
			);
			runOnlyForDeploymentPostprocessing = 0;
		};
/* End PBXFrameworksBuildPhase section */

/* Begin PBXGroup section */
		080E96DDFE201D6D7F000001 /* Classes */ = {
			isa = PBXGroup;
			children = (
			);
			name = Classes;
			sourceTree = "<group>";
		};
		19C28FACFE9D520D11CA2CBB /* Products */ = {
			isa = PBXGroup;
			children = (
				8D1107320486CEB800E47090 /* DropScript.app */,
				350CB6ED07EEC1670009953A /* Drop Applications */,
				350CB71207EEC1670009953A /* Example Scripts */,
				D64D3F08192BC770002AB1F4 /* DropScript.app */,
			);
			name = Products;
			sourceTree = "<group>";
		};
		29B97314FDCFA39411CA2CEA /* DropScript */ = {
			isa = PBXGroup;
			children = (
				080E96DDFE201D6D7F000001 /* Classes */,
				29B97315FDCFA39411CA2CEA /* Sources */,
				29B97317FDCFA39411CA2CEA /* Resources */,
				3527910507EE517600201C3A /* examples */,
				29B97323FDCFA39411CA2CEA /* Frameworks */,
				19C28FACFE9D520D11CA2CBB /* Products */,
				D692E07119324FA7002AB1F4 /* README */,
			);
			name = DropScript;
			sourceTree = "<group>";
		};
		29B97315FDCFA39411CA2CEA /* Sources */ = {
			isa = PBXGroup;
			children = (
				29B97316FDCFA39411CA2CEA /* main.m */,
				35E5339A0645CC88001AFFF1 /* ApplicationController.h */,
				35E5339B0645CC88001AFFF1 /* ApplicationController.m */,
			);
			name = Sources;
			sourceTree = "<group>";
		};
		29B97317FDCFA39411CA2CEA /* Resources */ = {
			isa = PBXGroup;
			children = (
				35E533610645C9E4001AFFF1 /* Credits.rtf */,
				35E533620645C9E4001AFFF1 /* DropScript.icns */,
				8D1107310486CEB800E47090 /* Info.plist */,
				089C165CFE840E0CC02AAC07 /* InfoPlist.strings */,
				29B97318FDCFA39411CA2CEA /* MainMenu.nib */,
				35E5377C0646187D001AFFF1 /* drop_script.py */,
				352790FD07EE507C00201C3A /* terminal */,
				D64D3F0A192BC770002AB1F4 /* Info copy.plist */,
			);
			name = Resources;
			sourceTree = "<group>";
		};
		29B97323FDCFA39411CA2CEA /* Frameworks */ = {
			isa = PBXGroup;
			children = (
				1058C7A1FEA54F0111CA2CBB /* Cocoa.framework */,
				29B97325FDCFA39411CA2CEA /* Foundation.framework */,
				29B97324FDCFA39411CA2CEA /* AppKit.framework */,
			);
			name = Frameworks;
			sourceTree = "<group>";
		};
		3527910507EE517600201C3A /* examples */ = {
			isa = PBXGroup;
			children = (
				3527917207EE520900201C3A /* README */,
				3527917107EE520900201C3A /* Makefile */,
				3527910907EE520800201C3A /* Archive and Compress */,
				3527913807EE520800201C3A /* CVS Support */,
				3527917307EE520900201C3A /* Subversion */,
				352791E807EE520900201C3A /* Terminal */,
			);
			includeInIndex = 0;
			path = examples;
			sourceTree = "<group>";
		};
/* End PBXGroup section */

/* Begin PBXHeadersBuildPhase section */
		8D1107270486CEB800E47090 /* Headers */ = {
			isa = PBXHeadersBuildPhase;
			buildActionMask = 2147483647;
			files = (
				35E5339C0645CC88001AFFF1 /* ApplicationController.h in Headers */,
			);
			runOnlyForDeploymentPostprocessing = 0;
		};
/* End PBXHeadersBuildPhase section */

/* Begin PBXNativeTarget section */
		8D1107260486CEB800E47090 /* DropScript */ = {
			isa = PBXNativeTarget;
			buildConfigurationList = 05FC290C115FE35700A9079C /* Build configuration list for PBXNativeTarget "DropScript" */;
			buildPhases = (
				8D1107270486CEB800E47090 /* Headers */,
				8D1107290486CEB800E47090 /* Resources */,
				8D11072C0486CEB800E47090 /* Sources */,
				8D11072E0486CEB800E47090 /* Frameworks */,
			);
			buildRules = (
			);
			dependencies = (
			);
			name = DropScript;
			productInstallPath = "$(HOME)/Applications";
			productName = DropScript;
			productReference = 8D1107320486CEB800E47090 /* DropScript.app */;
			productType = "com.apple.product-type.application";
		};
		D64D3EF4192BC770002AB1F4 /* examples */ = {
			isa = PBXNativeTarget;
			buildConfigurationList = D64D3F04192BC770002AB1F4 /* Build configuration list for PBXNativeTarget "examples" */;
			buildPhases = (
				D64D3F03192BC770002AB1F4 /* ShellScript */,
			);
			buildRules = (
			);
			dependencies = (
				D64D3F0C192BC7BC002AB1F4 /* PBXTargetDependency */,
			);
			name = examples;
			productInstallPath = "$(HOME)/Applications";
			productName = DropScript;
			productReference = D64D3F08192BC770002AB1F4 /* DropScript.app */;
			productType = "com.apple.product-type.application";
		};
/* End PBXNativeTarget section */

/* Begin PBXProject section */
		29B97313FDCFA39411CA2CEA /* Project object */ = {
			isa = PBXProject;
			attributes = {
				LastUpgradeCheck = 0510;
			};
			buildConfigurationList = 05FC290B115FE35700A9079C /* Build configuration list for PBXProject "DropScript-109" */;
			compatibilityVersion = "Xcode 3.2";
			developmentRegion = English;
			hasScannedForEncodings = 1;
			knownRegions = (
				en,
			);
			mainGroup = 29B97314FDCFA39411CA2CEA /* DropScript */;
			projectDirPath = "";
			projectRoot = "";
			targets = (
				8D1107260486CEB800E47090 /* DropScript */,
				D64D3EF4192BC770002AB1F4 /* examples */,
			);
		};
/* End PBXProject section */

/* Begin PBXResourcesBuildPhase section */
		8D1107290486CEB800E47090 /* Resources */ = {
			isa = PBXResourcesBuildPhase;
			buildActionMask = 2147483647;
			files = (
				8D11072A0486CEB800E47090 /* MainMenu.nib in Resources */,
				8D11072B0486CEB800E47090 /* InfoPlist.strings in Resources */,
				35E533630645C9E4001AFFF1 /* Credits.rtf in Resources */,
				35E533640645C9E4001AFFF1 /* DropScript.icns in Resources */,
				35E5377D0646187D001AFFF1 /* drop_script.py in Resources */,
				352790FE07EE507C00201C3A /* terminal in Resources */,
			);
			runOnlyForDeploymentPostprocessing = 0;
		};
/* End PBXResourcesBuildPhase section */

/* Begin PBXShellScriptBuildPhase section */
		D64D3F03192BC770002AB1F4 /* ShellScript */ = {
			isa = PBXShellScriptBuildPhase;
			buildActionMask = 12;
			files = (
			);
			inputPaths = (
			);
			outputPaths = (
			);
			runOnlyForDeploymentPostprocessing = 0;
			shellPath = /bin/sh;
			shellScript = "make -C examples \"${ACTION}\"\n";
		};
/* End PBXShellScriptBuildPhase section */

/* Begin PBXSourcesBuildPhase section */
		8D11072C0486CEB800E47090 /* Sources */ = {
			isa = PBXSourcesBuildPhase;
			buildActionMask = 2147483647;
			files = (
				8D11072D0486CEB800E47090 /* main.m in Sources */,
				35E5339D0645CC88001AFFF1 /* ApplicationController.m in Sources */,
			);
			runOnlyForDeploymentPostprocessing = 0;
		};
/* End PBXSourcesBuildPhase section */

/* Begin PBXTargetDependency section */
		D64D3F0C192BC7BC002AB1F4 /* PBXTargetDependency */ = {
			isa = PBXTargetDependency;
			target = 8D1107260486CEB800E47090 /* DropScript */;
			targetProxy = D64D3F0B192BC7BC002AB1F4 /* PBXContainerItemProxy */;
		};
/* End PBXTargetDependency section */

/* Begin PBXVariantGroup section */
		089C165CFE840E0CC02AAC07 /* InfoPlist.strings */ = {
			isa = PBXVariantGroup;
			children = (
				089C165DFE840E0CC02AAC07 /* English */,
			);
			name = InfoPlist.strings;
			sourceTree = "<group>";
		};
		29B97318FDCFA39411CA2CEA /* MainMenu.nib */ = {
			isa = PBXVariantGroup;
			children = (
				29B97319FDCFA39411CA2CEA /* English */,
			);
			name = MainMenu.nib;
			sourceTree = "<group>";
		};
/* End PBXVariantGroup section */

/* Begin XCBuildConfiguration section */
		05FC2905115FE35600A9079C /* Development */ = {
			isa = XCBuildConfiguration;
			buildSettings = {
				ARCHS = "$(ARCHS_STANDARD)";
				CLANG_X86_VECTOR_INSTRUCTIONS = ssse3;
				CODE_SIGN_IDENTITY = "RJVB-signature";
				DEAD_CODE_STRIPPING = YES;
				DEBUG_INFORMATION_FORMAT = dwarf;
				GCC_DYNAMIC_NO_PIC = YES;
				LD_NO_PIE = NO;
				LLVM_LTO = YES;
				MACOSX_DEPLOYMENT_TARGET = 10.9;
				PRECOMPS_INCLUDE_HEADERS_FROM_BUILT_PRODUCTS_DIR = NO;
				SDKROOT = macosx;
			};
			name = Development;
		};
		05FC2906115FE35600A9079C /* Deployment */ = {
			isa = XCBuildConfiguration;
			buildSettings = {
				ARCHS = "$(ARCHS_STANDARD)";
				CLANG_X86_VECTOR_INSTRUCTIONS = ssse3;
				CODE_SIGN_IDENTITY = "RJVB-signature";
				DEAD_CODE_STRIPPING = YES;
				DEBUG_INFORMATION_FORMAT = dwarf;
				GCC_DYNAMIC_NO_PIC = YES;
				LD_NO_PIE = NO;
				LLVM_LTO = YES;
				MACOSX_DEPLOYMENT_TARGET = 10.9;
				PRECOMPS_INCLUDE_HEADERS_FROM_BUILT_PRODUCTS_DIR = NO;
				SDKROOT = macosx;
			};
			name = Deployment;
		};
		05FC2907115FE35600A9079C /* Default */ = {
			isa = XCBuildConfiguration;
			buildSettings = {
				CLANG_X86_VECTOR_INSTRUCTIONS = ssse3;
				CODE_SIGN_IDENTITY = "RJVB-signature";
				DEAD_CODE_STRIPPING = YES;
				DEBUG_INFORMATION_FORMAT = dwarf;
				GCC_DYNAMIC_NO_PIC = YES;
				LD_NO_PIE = NO;
				LLVM_LTO = YES;
				MACOSX_DEPLOYMENT_TARGET = 10.9;
				PRECOMPS_INCLUDE_HEADERS_FROM_BUILT_PRODUCTS_DIR = NO;
				SDKROOT = macosx;
			};
			name = Default;
		};
		05FC2908115FE35600A9079C /* Development */ = {
			isa = XCBuildConfiguration;
			buildSettings = {
				COMBINE_HIDPI_IMAGES = YES;
				COPY_PHASE_STRIP = NO;
				DEBUGGING_SYMBOLS = YES;
				GCC_DYNAMIC_NO_PIC = NO;
				GCC_GENERATE_DEBUGGING_SYMBOLS = YES;
				GCC_OPTIMIZATION_LEVEL = 0;
				GCC_TREAT_WARNINGS_AS_ERRORS = YES;
				INFOPLIST_FILE = Info.plist;
				INSTALL_PATH = /Applications/DropScript;
				MACOSX_DEPLOYMENT_TARGET = 10.9;
				ONLY_ACTIVE_ARCH = YES;
				PRODUCT_NAME = DropScript;
				SDKROOT = macosx;
				UNSTRIPPED_PRODUCT = YES;
				WARNING_CFLAGS = "-Wall";
				WRAPPER_EXTENSION = app;
				ZERO_LINK = YES;
			};
			name = Development;
		};
		05FC2909115FE35600A9079C /* Deployment */ = {
			isa = XCBuildConfiguration;
			buildSettings = {
				COMBINE_HIDPI_IMAGES = YES;
				COPY_PHASE_STRIP = YES;
				DEPLOYMENT_POSTPROCESSING = YES;
				GCC_GENERATE_DEBUGGING_SYMBOLS = YES;
				GCC_TREAT_WARNINGS_AS_ERRORS = YES;
				INFOPLIST_FILE = Info.plist;
				INSTALL_PATH = /Applications;
				MACOSX_DEPLOYMENT_TARGET = 10.9;
				ONLY_ACTIVE_ARCH = YES;
				PRODUCT_NAME = DropScript;
				SDKROOT = macosx;
				WARNING_CFLAGS = "-Wall";
				WRAPPER_EXTENSION = app;
			};
			name = Deployment;
		};
		05FC290A115FE35600A9079C /* Default */ = {
			isa = XCBuildConfiguration;
			buildSettings = {
				COMBINE_HIDPI_IMAGES = YES;
				GCC_GENERATE_DEBUGGING_SYMBOLS = NO;
				GCC_TREAT_WARNINGS_AS_ERRORS = YES;
				INFOPLIST_FILE = Info.plist;
				INSTALL_PATH = /Applications/DropScript;
				MACOSX_DEPLOYMENT_TARGET = 10.9;
				ONLY_ACTIVE_ARCH = YES;
				PRODUCT_NAME = DropScript;
				SDKROOT = macosx;
				WARNING_CFLAGS = "-Wall";
				WRAPPER_EXTENSION = app;
			};
			name = Default;
		};
		D64D3F05192BC770002AB1F4 /* Development */ = {
			isa = XCBuildConfiguration;
			buildSettings = {
				ARCHS = "$(NATIVE_ARCH_ACTUAL)";
				COMBINE_HIDPI_IMAGES = YES;
				COPY_PHASE_STRIP = NO;
				DEBUGGING_SYMBOLS = YES;
				GCC_DYNAMIC_NO_PIC = NO;
				GCC_GENERATE_DEBUGGING_SYMBOLS = YES;
				GCC_OPTIMIZATION_LEVEL = 0;
				GCC_TREAT_WARNINGS_AS_ERRORS = YES;
				INFOPLIST_FILE = "Info copy.plist";
				INSTALL_PATH = /Applications/DropScript;
				MACOSX_DEPLOYMENT_TARGET = 10.8;
				ONLY_ACTIVE_ARCH = YES;
				PRODUCT_NAME = DropScript;
				SDKROOT = "";
				UNSTRIPPED_PRODUCT = YES;
				WARNING_CFLAGS = "-Wall";
				WRAPPER_EXTENSION = app;
				ZERO_LINK = YES;
			};
			name = Development;
		};
		D64D3F06192BC770002AB1F4 /* Deployment */ = {
			isa = XCBuildConfiguration;
			buildSettings = {
				ARCHS = "$(ARCHS_STANDARD_32_64_BIT)";
				COMBINE_HIDPI_IMAGES = YES;
				COPY_PHASE_STRIP = YES;
				DEPLOYMENT_POSTPROCESSING = YES;
				GCC_GENERATE_DEBUGGING_SYMBOLS = YES;
				GCC_TREAT_WARNINGS_AS_ERRORS = YES;
				INFOPLIST_FILE = "Info copy.plist";
				INSTALL_PATH = /Applications;
				MACOSX_DEPLOYMENT_TARGET = 10.6;
				ONLY_ACTIVE_ARCH = NO;
				PRODUCT_NAME = DropScript;
				SDKROOT = "";
				WARNING_CFLAGS = "-Wall";
				WRAPPER_EXTENSION = app;
			};
			name = Deployment;
		};
		D64D3F07192BC770002AB1F4 /* Default */ = {
			isa = XCBuildConfiguration;
			buildSettings = {
				COMBINE_HIDPI_IMAGES = YES;
				GCC_GENERATE_DEBUGGING_SYMBOLS = NO;
				GCC_TREAT_WARNINGS_AS_ERRORS = YES;
				INFOPLIST_FILE = "Info copy.plist";
				INSTALL_PATH = /Applications/DropScript;
				MACOSX_DEPLOYMENT_TARGET = 10.8;
				ONLY_ACTIVE_ARCH = YES;
				PRODUCT_NAME = DropScript;
				WARNING_CFLAGS = "-Wall";
				WRAPPER_EXTENSION = app;
			};
			name = Default;
		};
/* End XCBuildConfiguration section */

/* Begin XCConfigurationList section */
		05FC290B115FE35700A9079C /* Build configuration list for PBXProject "DropScript-109" */ = {
			isa = XCConfigurationList;
			buildConfigurations = (
				05FC2905115FE35600A9079C /* Development */,
				05FC2906115FE35600A9079C /* Deployment */,
				05FC2907115FE35600A9079C /* Default */,
			);
			defaultConfigurationIsVisible = 0;
			defaultConfigurationName = Deployment;
		};
		05FC290C115FE35700A9079C /* Build configuration list for PBXNativeTarget "DropScript" */ = {
			isa = XCConfigurationList;
			buildConfigurations = (
				05FC2908115FE35600A9079C /* Development */,
				05FC2909115FE35600A9079C /* Deployment */,
				05FC290A115FE35600A9079C /* Default */,
			);
			defaultConfigurationIsVisible = 0;
			defaultConfigurationName = Deployment;
		};
		D64D3F04192BC770002AB1F4 /* Build configuration list for PBXNativeTarget "examples" */ = {
			isa = XCConfigurationList;
			buildConfigurations = (
				D64D3F05192BC770002AB1F4 /* Development */,
				D64D3F06192BC770002AB1F4 /* Deployment */,
				D64D3F07192BC770002AB1F4 /* Default */,
			);
			defaultConfigurationIsVisible = 0;
			defaultConfigurationName = Deployment;
		};
/* End XCConfigurationList section */
	};
	rootObject = 29B97313FDCFA39411CA2CEA /* Project object */;
}
